
Microsoft Visual Studio Solution File, Format Version 12.00
# Visual Studio Express 2013 for Windows Desktop
VisualStudioVersion = 12.0.40629.0
MinimumVisualStudioVersion = 10.0.40219.1
Project("{FAE04EC0-301F-11D3-BF4B-00C04F79EFBC}") = "SuperAdventure", "SuperAdventure\SuperAdventure.csproj", "{3D857285-527E-4A2F-A595-38B4FC855779}"
EndProject
Project("{FAE04EC0-301F-11D3-BF4B-00C04F79EFBC}") = "Engine", "Engine\Engine.csproj", "{2EFF4654-3BB6-4493-BF3A-638C0CA0591D}"
EndProject
Global
	GlobalSection(SolutionConfigurationPlatforms) = preSolution
		Debug|Any CPU = Debug|Any CPU
		Release|Any CPU = Release|Any CPU
	EndGlobalSection
	GlobalSection(ProjectConfigurationPlatforms) = postSolution
		{3D857285-527E-4A2F-A595-38B4FC855779}.Debug|Any CPU.ActiveCfg = Debug|Any CPU
		{3D857285-527E-4A2F-A595-38B4FC855779}.Debug|Any CPU.Build.0 = Debug|Any CPU
		{3D857285-527E-4A2F-A595-38B4FC855779}.Release|Any CPU.ActiveCfg = Release|Any CPU
		{3D857285-527E-4A2F-A595-38B4FC855779}.Release|Any CPU.Build.0 = Release|Any CPU
		{2EFF4654-3BB6-4493-BF3A-638C0CA0591D}.Debug|Any CPU.ActiveCfg = Debug|Any CPU
		{2EFF4654-3BB6-4493-BF3A-638C0CA0591D}.Debug|Any CPU.Build.0 = Debug|Any CPU
		{2EFF4654-3BB6-4493-BF3A-638C0CA0591D}.Release|Any CPU.ActiveCfg = Release|Any CPU
		{2EFF4654-3BB6-4493-BF3A-638C0CA0591D}.Release|Any CPU.Build.0 = Release|Any CPU
	EndGlobalSection
	GlobalSection(SolutionProperties) = preSolution
		HideSolutionNode = FALSE
	EndGlobalSection
EndGlobal
